
Microsoft Visual Studio Solution File, Format Version 12.00
# Visual Studio Version 17
VisualStudioVersion = 17.14.36221.1 d17.14
MinimumVisualStudioVersion = 10.0.40219.1
Project("{FAE04EC0-301F-11D3-BF4B-00C04F79EFBC}") = "ConsoleApp1", "ConsoleApp1.csproj", "{EF269FCE-BEBC-4BE6-921B-3FC61A664CFF}"
EndProject
Global
	GlobalSection(SolutionConfigurationPlatforms) = preSolution
		Debug|Any CPU = Debug|Any CPU
		Release|Any CPU = Release|Any CPU
	EndGlobalSection
	GlobalSection(ProjectConfigurationPlatforms) = postSolution
		{EF269FCE-BEBC-4BE6-921B-3FC61A664CFF}.Debug|Any CPU.ActiveCfg = Debug|Any CPU
		{EF269FCE-BEBC-4BE6-921B-3FC61A664CFF}.Debug|Any CPU.Build.0 = Debug|Any CPU
		{EF269FCE-BEBC-4BE6-921B-3FC61A664CFF}.Release|Any CPU.ActiveCfg = Release|Any CPU
		{EF269FCE-BEBC-4BE6-921B-3FC61A664CFF}.Release|Any CPU.Build.0 = Release|Any CPU
	EndGlobalSection
	GlobalSection(SolutionProperties) = preSolution
		HideSolutionNode = FALSE
	EndGlobalSection
	GlobalSection(ExtensibilityGlobals) = postSolution
		SolutionGuid = {36D8660F-6862-43BA-8779-A183ADA5BA15}
	EndGlobalSection
EndGlobal
